
Microsoft Visual Studio Solution File, Format Version 12.00
# Visual Studio Version 17
VisualStudioVersion = 17.2.32519.379
MinimumVisualStudioVersion = 10.0.40219.1
Project("{888888A0-9F3D-457C-B088-3A5042F75D52}") = "prakrikalinetöö", "prakrikalinetöö.pyproj", "{A2A6BB1C-3A52-441D-BF18-24CFABA9F2D0}"
EndProject
Global
	GlobalSection(SolutionConfigurationPlatforms) = preSolution
		Debug|Any CPU = Debug|Any CPU
		Release|Any CPU = Release|Any CPU
	EndGlobalSection
	GlobalSection(ProjectConfigurationPlatforms) = postSolution
		{A2A6BB1C-3A52-441D-BF18-24CFABA9F2D0}.Debug|Any CPU.ActiveCfg = Debug|Any CPU
		{A2A6BB1C-3A52-441D-BF18-24CFABA9F2D0}.Release|Any CPU.ActiveCfg = Release|Any CPU
	EndGlobalSection
	GlobalSection(SolutionProperties) = preSolution
		HideSolutionNode = FALSE
	EndGlobalSection
	GlobalSection(ExtensibilityGlobals) = postSolution
		SolutionGuid = {C667881B-8C41-45C5-AF43-04F55361FA26}
	EndGlobalSection
EndGlobal
